// !$*UTF8*$!
{
	archiveVersion = 1;
	classes = {
	};
	objectVersion = 46;
	objects = {

/* Begin PBXBuildFile section */
		9EDADA451969B1D1007305E2 /* main.c in Sources */ = {isa = PBXBuildFile; fileRef = 9EDADA441969B1D1007305E2 /* main.c */; };
		9EDADA54196CD673007305E2 /* frustum.c in Sources */ = {isa = PBXBuildFile; fileRef = 9EDADA53196CD673007305E2 /* frustum.c */; };
		9EDADA57196D7840007305E2 /* random.c in Sources */ = {isa = PBXBuildFile; fileRef = 9EDADA56196D7840007305E2 /* random.c */; };
		9EDADA5A196D78E9007305E2 /* node.c in Sources */ = {isa = PBXBuildFile; fileRef = 9EDADA59196D78E9007305E2 /* node.c */; };
		9EDADA5D196D7B32007305E2 /* array.c in Sources */ = {isa = PBXBuildFile; fileRef = 9EDADA5C196D7B32007305E2 /* array.c */; };
		9EDADA60196D7CBE007305E2 /* draw.c in Sources */ = {isa = PBXBuildFile; fileRef = 9EDADA5F196D7CBE007305E2 /* draw.c */; };
		9EDADA63196D7DB0007305E2 /* input.c in Sources */ = {isa = PBXBuildFile; fileRef = 9EDADA62196D7DB0007305E2 /* input.c */; };
		9EDADA66196D7F4A007305E2 /* vector3.c in Sources */ = {isa = PBXBuildFile; fileRef = 9EDADA65196D7F4A007305E2 /* vector3.c */; };
		9EF4F27A19706834005DBF5E /* texture.c in Sources */ = {isa = PBXBuildFile; fileRef = 9EF4F27919706834005DBF5E /* texture.c */; };
		9EF4F27D1970A366005DBF5E /* simplex.c in Sources */ = {isa = PBXBuildFile; fileRef = 9EF4F27C1970A366005DBF5E /* simplex.c */; };
		9EF4F2801971F017005DBF5E /* chunk.c in Sources */ = {isa = PBXBuildFile; fileRef = 9EF4F27F1971F017005DBF5E /* chunk.c */; };
/* End PBXBuildFile section */

/* Begin PBXCopyFilesBuildPhase section */
		9EDADA3F1969B1D1007305E2 /* CopyFiles */ = {
			isa = PBXCopyFilesBuildPhase;
			buildActionMask = 2147483647;
			dstPath = /usr/share/man/man1/;
			dstSubfolderSpec = 0;
			files = (
			);
			runOnlyForDeploymentPostprocessing = 1;
		};
/* End PBXCopyFilesBuildPhase section */

/* Begin PBXFileReference section */
		9E2AF3F2196D9CF8005C6BB0 /* colors.h */ = {isa = PBXFileReference; lastKnownFileType = sourcecode.c.h; path = colors.h; sourceTree = "<group>"; };
		9E2EEDCE19A2D3BE00814BCA /* vertex.h */ = {isa = PBXFileReference; lastKnownFileType = sourcecode.c.h; path = vertex.h; sourceTree = "<group>"; };
		9EA4160F1BDEA694001B4462 /* all.bmp */ = {isa = PBXFileReference; lastKnownFileType = image.bmp; name = all.bmp; path = Textures/all.bmp; sourceTree = "<group>"; };
		9EDADA411969B1D1007305E2 /* opengl */ = {isa = PBXFileReference; explicitFileType = "compiled.mach-o.executable"; includeInIndex = 0; path = opengl; sourceTree = BUILT_PRODUCTS_DIR; };
		9EDADA441969B1D1007305E2 /* main.c */ = {isa = PBXFileReference; lastKnownFileType = sourcecode.c.c; path = main.c; sourceTree = "<group>"; };
		9EDADA53196CD673007305E2 /* frustum.c */ = {isa = PBXFileReference; fileEncoding = 4; lastKnownFileType = sourcecode.c.c; path = frustum.c; sourceTree = "<group>"; };
		9EDADA55196CD7D7007305E2 /* frustum.h */ = {isa = PBXFileReference; lastKnownFileType = sourcecode.c.h; path = frustum.h; sourceTree = "<group>"; };
		9EDADA56196D7840007305E2 /* random.c */ = {isa = PBXFileReference; fileEncoding = 4; lastKnownFileType = sourcecode.c.c; path = random.c; sourceTree = "<group>"; };
		9EDADA58196D7881007305E2 /* random.h */ = {isa = PBXFileReference; lastKnownFileType = sourcecode.c.h; path = random.h; sourceTree = "<group>"; };
		9EDADA59196D78E9007305E2 /* node.c */ = {isa = PBXFileReference; fileEncoding = 4; lastKnownFileType = sourcecode.c.c; path = node.c; sourceTree = "<group>"; };
		9EDADA5B196D792B007305E2 /* node.h */ = {isa = PBXFileReference; lastKnownFileType = sourcecode.c.h; path = node.h; sourceTree = "<group>"; };
		9EDADA5C196D7B32007305E2 /* array.c */ = {isa = PBXFileReference; fileEncoding = 4; lastKnownFileType = sourcecode.c.c; path = array.c; sourceTree = "<group>"; };
		9EDADA5E196D7B40007305E2 /* array.h */ = {isa = PBXFileReference; lastKnownFileType = sourcecode.c.h; path = array.h; sourceTree = "<group>"; };
		9EDADA5F196D7CBE007305E2 /* draw.c */ = {isa = PBXFileReference; fileEncoding = 4; lastKnownFileType = sourcecode.c.c; path = draw.c; sourceTree = "<group>"; };
		9EDADA61196D7CFF007305E2 /* draw.h */ = {isa = PBXFileReference; lastKnownFileType = sourcecode.c.h; path = draw.h; sourceTree = "<group>"; };
		9EDADA62196D7DB0007305E2 /* input.c */ = {isa = PBXFileReference; fileEncoding = 4; lastKnownFileType = sourcecode.c.c; path = input.c; sourceTree = "<group>"; };
		9EDADA64196D7E4E007305E2 /* input.h */ = {isa = PBXFileReference; lastKnownFileType = sourcecode.c.h; path = input.h; sourceTree = "<group>"; };
		9EDADA65196D7F4A007305E2 /* vector3.c */ = {isa = PBXFileReference; fileEncoding = 4; lastKnownFileType = sourcecode.c.c; path = vector3.c; sourceTree = "<group>"; };
		9EDADA67196D7F70007305E2 /* vector3.h */ = {isa = PBXFileReference; lastKnownFileType = sourcecode.c.h; path = vector3.h; sourceTree = "<group>"; };
		9EF4F27919706834005DBF5E /* texture.c */ = {isa = PBXFileReference; fileEncoding = 4; lastKnownFileType = sourcecode.c.c; path = texture.c; sourceTree = "<group>"; };
		9EF4F27B19706BEE005DBF5E /* texture.h */ = {isa = PBXFileReference; lastKnownFileType = sourcecode.c.h; path = texture.h; sourceTree = "<group>"; };
		9EF4F27C1970A366005DBF5E /* simplex.c */ = {isa = PBXFileReference; fileEncoding = 4; lastKnownFileType = sourcecode.c.c; path = simplex.c; sourceTree = "<group>"; };
		9EF4F27E1970A385005DBF5E /* simplex.h */ = {isa = PBXFileReference; lastKnownFileType = sourcecode.c.h; path = simplex.h; sourceTree = "<group>"; };
		9EF4F27F1971F017005DBF5E /* chunk.c */ = {isa = PBXFileReference; fileEncoding = 4; lastKnownFileType = sourcecode.c.c; path = chunk.c; sourceTree = "<group>"; };
		9EF4F2811971F03E005DBF5E /* chunk.h */ = {isa = PBXFileReference; lastKnownFileType = sourcecode.c.h; path = chunk.h; sourceTree = "<group>"; };
/* End PBXFileReference section */

/* Begin PBXFrameworksBuildPhase section */
		9EDADA3E1969B1D1007305E2 /* Frameworks */ = {
			isa = PBXFrameworksBuildPhase;
			buildActionMask = 2147483647;
			files = (
			);
			runOnlyForDeploymentPostprocessing = 0;
		};
/* End PBXFrameworksBuildPhase section */

/* Begin PBXGroup section */
		9EDADA381969B1D1007305E2 = {
			isa = PBXGroup;
			children = (
				9EDADA431969B1D1007305E2 /* opengl */,
				9EDADA421969B1D1007305E2 /* Products */,
			);
			sourceTree = "<group>";
		};
		9EDADA421969B1D1007305E2 /* Products */ = {
			isa = PBXGroup;
			children = (
				9EDADA411969B1D1007305E2 /* opengl */,
			);
			name = Products;
			sourceTree = "<group>";
		};
		9EDADA431969B1D1007305E2 /* opengl */ = {
			isa = PBXGroup;
			children = (
				9EDADA441969B1D1007305E2 /* main.c */,
				9E2AF3F2196D9CF8005C6BB0 /* colors.h */,
				9EDADA65196D7F4A007305E2 /* vector3.c */,
				9EDADA67196D7F70007305E2 /* vector3.h */,
				9E2EEDCE19A2D3BE00814BCA /* vertex.h */,
				9EDADA62196D7DB0007305E2 /* input.c */,
				9EDADA64196D7E4E007305E2 /* input.h */,
				9EF4F27919706834005DBF5E /* texture.c */,
				9EF4F27B19706BEE005DBF5E /* texture.h */,
				9EDADA5F196D7CBE007305E2 /* draw.c */,
				9EDADA61196D7CFF007305E2 /* draw.h */,
				9EF4F27C1970A366005DBF5E /* simplex.c */,
				9EF4F27E1970A385005DBF5E /* simplex.h */,
				9EDADA5C196D7B32007305E2 /* array.c */,
				9EDADA5E196D7B40007305E2 /* array.h */,
				9EDADA5B196D792B007305E2 /* node.h */,
				9EDADA59196D78E9007305E2 /* node.c */,
				9EF4F2811971F03E005DBF5E /* chunk.h */,
				9EF4F27F1971F017005DBF5E /* chunk.c */,
				9EDADA53196CD673007305E2 /* frustum.c */,
				9EDADA55196CD7D7007305E2 /* frustum.h */,
				9EDADA56196D7840007305E2 /* random.c */,
				9EDADA58196D7881007305E2 /* random.h */,
				9EA4160F1BDEA694001B4462 /* all.bmp */,
			);
			path = opengl;
			sourceTree = "<group>";
		};
/* End PBXGroup section */

/* Begin PBXNativeTarget section */
		9EDADA401969B1D1007305E2 /* opengl */ = {
			isa = PBXNativeTarget;
			buildConfigurationList = 9EDADA4A1969B1D1007305E2 /* Build configuration list for PBXNativeTarget "opengl" */;
			buildPhases = (
				9EDADA3D1969B1D1007305E2 /* Sources */,
				9EDADA3E1969B1D1007305E2 /* Frameworks */,
				9EDADA3F1969B1D1007305E2 /* CopyFiles */,
			);
			buildRules = (
			);
			dependencies = (
			);
			name = opengl;
			productName = opengl;
			productReference = 9EDADA411969B1D1007305E2 /* opengl */;
			productType = "com.apple.product-type.tool";
		};
/* End PBXNativeTarget section */

/* Begin PBXProject section */
		9EDADA391969B1D1007305E2 /* Project object */ = {
			isa = PBXProject;
			attributes = {
				LastUpgradeCheck = 0510;
				ORGANIZATIONNAME = Vicmart;
			};
			buildConfigurationList = 9EDADA3C1969B1D1007305E2 /* Build configuration list for PBXProject "opengl" */;
			compatibilityVersion = "Xcode 3.2";
			developmentRegion = English;
			hasScannedForEncodings = 0;
			knownRegions = (
				en,
			);
			mainGroup = 9EDADA381969B1D1007305E2;
			productRefGroup = 9EDADA421969B1D1007305E2 /* Products */;
			projectDirPath = "";
			projectRoot = "";
			targets = (
				9EDADA401969B1D1007305E2 /* opengl */,
			);
		};
/* End PBXProject section */

/* Begin PBXSourcesBuildPhase section */
		9EDADA3D1969B1D1007305E2 /* Sources */ = {
			isa = PBXSourcesBuildPhase;
			buildActionMask = 2147483647;
			files = (
				9EF4F2801971F017005DBF5E /* chunk.c in Sources */,
				9EDADA54196CD673007305E2 /* frustum.c in Sources */,
				9EDADA63196D7DB0007305E2 /* input.c in Sources */,
				9EDADA60196D7CBE007305E2 /* draw.c in Sources */,
				9EDADA5A196D78E9007305E2 /* node.c in Sources */,
				9EDADA57196D7840007305E2 /* random.c in Sources */,
				9EDADA451969B1D1007305E2 /* main.c in Sources */,
				9EDADA5D196D7B32007305E2 /* array.c in Sources */,
				9EDADA66196D7F4A007305E2 /* vector3.c in Sources */,
				9EF4F27D1970A366005DBF5E /* simplex.c in Sources */,
				9EF4F27A19706834005DBF5E /* texture.c in Sources */,
			);
			runOnlyForDeploymentPostprocessing = 0;
		};
/* End PBXSourcesBuildPhase section */

/* Begin XCBuildConfiguration section */
		9EDADA481969B1D1007305E2 /* Debug */ = {
			isa = XCBuildConfiguration;
			buildSettings = {
				ALWAYS_SEARCH_USER_PATHS = NO;
				CLANG_CXX_LANGUAGE_STANDARD = "gnu++0x";
				CLANG_CXX_LIBRARY = "libc++";
				CLANG_ENABLE_MODULES = YES;
				CLANG_ENABLE_OBJC_ARC = YES;
				CLANG_WARN_BOOL_CONVERSION = YES;
				CLANG_WARN_CONSTANT_CONVERSION = YES;
				CLANG_WARN_DIRECT_OBJC_ISA_USAGE = YES_ERROR;
				CLANG_WARN_EMPTY_BODY = YES;
				CLANG_WARN_ENUM_CONVERSION = YES;
				CLANG_WARN_INT_CONVERSION = YES;
				CLANG_WARN_OBJC_ROOT_CLASS = YES_ERROR;
				CLANG_WARN__DUPLICATE_METHOD_MATCH = YES;
				COPY_PHASE_STRIP = NO;
				GCC_C_LANGUAGE_STANDARD = gnu99;
				GCC_DYNAMIC_NO_PIC = NO;
				GCC_ENABLE_OBJC_EXCEPTIONS = YES;
				GCC_OPTIMIZATION_LEVEL = 0;
				GCC_PREPROCESSOR_DEFINITIONS = (
					"DEBUG=1",
					"$(inherited)",
				);
				GCC_SYMBOLS_PRIVATE_EXTERN = NO;
				GCC_WARN_64_TO_32_BIT_CONVERSION = YES;
				GCC_WARN_ABOUT_RETURN_TYPE = YES_ERROR;
				GCC_WARN_UNDECLARED_SELECTOR = YES;
				GCC_WARN_UNINITIALIZED_AUTOS = YES_AGGRESSIVE;
				GCC_WARN_UNUSED_FUNCTION = YES;
				GCC_WARN_UNUSED_VARIABLE = YES;
				MACOSX_DEPLOYMENT_TARGET = 10.9;
				ONLY_ACTIVE_ARCH = YES;
				SDKROOT = macosx;
			};
			name = Debug;
		};
		9EDADA491969B1D1007305E2 /* Release */ = {
			isa = XCBuildConfiguration;
			buildSettings = {
				ALWAYS_SEARCH_USER_PATHS = NO;
				CLANG_CXX_LANGUAGE_STANDARD = "gnu++0x";
				CLANG_CXX_LIBRARY = "libc++";
				CLANG_ENABLE_MODULES = YES;
				CLANG_ENABLE_OBJC_ARC = YES;
				CLANG_WARN_BOOL_CONVERSION = YES;
				CLANG_WARN_CONSTANT_CONVERSION = YES;
				CLANG_WARN_DIRECT_OBJC_ISA_USAGE = YES_ERROR;
				CLANG_WARN_EMPTY_BODY = YES;
				CLANG_WARN_ENUM_CONVERSION = YES;
				CLANG_WARN_INT_CONVERSION = YES;
				CLANG_WARN_OBJC_ROOT_CLASS = YES_ERROR;
				CLANG_WARN__DUPLICATE_METHOD_MATCH = YES;
				COPY_PHASE_STRIP = YES;
				DEBUG_INFORMATION_FORMAT = "dwarf-with-dsym";
				ENABLE_NS_ASSERTIONS = NO;
				GCC_C_LANGUAGE_STANDARD = gnu99;
				GCC_ENABLE_OBJC_EXCEPTIONS = YES;
				GCC_WARN_64_TO_32_BIT_CONVERSION = YES;
				GCC_WARN_ABOUT_RETURN_TYPE = YES_ERROR;
				GCC_WARN_UNDECLARED_SELECTOR = YES;
				GCC_WARN_UNINITIALIZED_AUTOS = YES_AGGRESSIVE;
				GCC_WARN_UNUSED_FUNCTION = YES;
				GCC_WARN_UNUSED_VARIABLE = YES;
				MACOSX_DEPLOYMENT_TARGET = 10.9;
				SDKROOT = macosx;
			};
			name = Release;
		};
		9EDADA4B1969B1D1007305E2 /* Debug */ = {
			isa = XCBuildConfiguration;
			buildSettings = {
				MACOSX_DEPLOYMENT_TARGET = 10.8;
				PRODUCT_NAME = "$(TARGET_NAME)";
				SDKROOT = macosx;
				SUPPORTED_PLATFORMS = macosx;
			};
			name = Debug;
		};
		9EDADA4C1969B1D1007305E2 /* Release */ = {
			isa = XCBuildConfiguration;
			buildSettings = {
				MACOSX_DEPLOYMENT_TARGET = 10.8;
				PRODUCT_NAME = "$(TARGET_NAME)";
				SDKROOT = macosx;
				SUPPORTED_PLATFORMS = macosx;
			};
			name = Release;
		};
/* End XCBuildConfiguration section */

/* Begin XCConfigurationList section */
		9EDADA3C1969B1D1007305E2 /* Build configuration list for PBXProject "opengl" */ = {
			isa = XCConfigurationList;
			buildConfigurations = (
				9EDADA481969B1D1007305E2 /* Debug */,
				9EDADA491969B1D1007305E2 /* Release */,
			);
			defaultConfigurationIsVisible = 0;
			defaultConfigurationName = Release;
		};
		9EDADA4A1969B1D1007305E2 /* Build configuration list for PBXNativeTarget "opengl" */ = {
			isa = XCConfigurationList;
			buildConfigurations = (
				9EDADA4B1969B1D1007305E2 /* Debug */,
				9EDADA4C1969B1D1007305E2 /* Release */,
			);
			defaultConfigurationIsVisible = 0;
			defaultConfigurationName = Release;
		};
/* End XCConfigurationList section */
	};
	rootObject = 9EDADA391969B1D1007305E2 /* Project object */;
}
